Microsoft Visual Studio Solution File, Format Version 12.00
# Visual Studio Version 17
VisualStudioVersion = 17.5.2.0
MinimumVisualStudioVersion = 10.0.40219.1
Project("{FAE04EC0-301F-11D3-BF4B-00C04F79EFBC}") = "PumpApi", "PumpApi\PumpApi.csproj", "{06C0CC24-AD77-8549-94B5-85A0F41C6D08}"
EndProject
Global
	GlobalSection(SolutionConfigurationPlatforms) = preSolution
		Debug|Any CPU = Debug|Any CPU
		Release|Any CPU = Release|Any CPU
	EndGlobalSection
	GlobalSection(ProjectConfigurationPlatforms) = postSolution
		{06C0CC24-AD77-8549-94B5-85A0F41C6D08}.Debug|Any CPU.ActiveCfg = Debug|Any CPU
		{06C0CC24-AD77-8549-94B5-85A0F41C6D08}.Debug|Any CPU.Build.0 = Debug|Any CPU
		{06C0CC24-AD77-8549-94B5-85A0F41C6D08}.Release|Any CPU.ActiveCfg = Release|Any CPU
		{06C0CC24-AD77-8549-94B5-85A0F41C6D08}.Release|Any CPU.Build.0 = Release|Any CPU
	EndGlobalSection
	GlobalSection(SolutionProperties) = preSolution
		HideSolutionNode = FALSE
	EndGlobalSection
	GlobalSection(ExtensibilityGlobals) = postSolution
		SolutionGuid = {D6CB47FA-F480-4177-829E-C2981F707E77}
	EndGlobalSection
EndGlobal
